
Microsoft Visual Studio Solution File, Format Version 12.00
Project("{FAE04EC0-301F-11D3-BF4B-00C04F79EFBC}") = "GMLSharp", "GMLSharp\GMLSharp.csproj", "{D040CBDA-D1FB-46CD-8A80-76CDE9479E88}"
EndProject
Project("{FAE04EC0-301F-11D3-BF4B-00C04F79EFBC}") = "GMLSharp.Test", "GMLSharp.Test\GMLSharp.Test.csproj", "{0C805B83-FEEF-4B53-A0A1-4318535048CD}"
EndProject
Global
	GlobalSection(SolutionConfigurationPlatforms) = preSolution
		Debug|Any CPU = Debug|Any CPU
		Release|Any CPU = Release|Any CPU
	EndGlobalSection
	GlobalSection(ProjectConfigurationPlatforms) = postSolution
		{D040CBDA-D1FB-46CD-8A80-76CDE9479E88}.Debug|Any CPU.ActiveCfg = Debug|Any CPU
		{D040CBDA-D1FB-46CD-8A80-76CDE9479E88}.Debug|Any CPU.Build.0 = Debug|Any CPU
		{D040CBDA-D1FB-46CD-8A80-76CDE9479E88}.Release|Any CPU.ActiveCfg = Release|Any CPU
		{D040CBDA-D1FB-46CD-8A80-76CDE9479E88}.Release|Any CPU.Build.0 = Release|Any CPU
		{0C805B83-FEEF-4B53-A0A1-4318535048CD}.Debug|Any CPU.ActiveCfg = Debug|Any CPU
		{0C805B83-FEEF-4B53-A0A1-4318535048CD}.Debug|Any CPU.Build.0 = Debug|Any CPU
		{0C805B83-FEEF-4B53-A0A1-4318535048CD}.Release|Any CPU.ActiveCfg = Release|Any CPU
		{0C805B83-FEEF-4B53-A0A1-4318535048CD}.Release|Any CPU.Build.0 = Release|Any CPU
	EndGlobalSection
EndGlobal
